<?xml version="1.0" encoding="utf-8"?>
<Project ToolsVersion="4.0" xmlns="http://schemas.microsoft.com/developer/msbuild/2003">
  <ItemGroup>
    <ClCompile Include="avoidance.cpp">
      <Filter>miniGames</Filter>
    </ClCompile>
    <ClCompile Include="mingame.cpp">
      <Filter>miniGames</Filter>
    </ClCompile>
    <ClCompile Include="winmain.cpp">
      <Filter>WinMainSource</Filter>
    </ClCompile>
    <ClCompile Include="all.cpp">
      <Filter>WinMainSource</Filter>
    </ClCompile>
    <ClCompile Include="counter_game.cpp">
      <Filter>miniGames</Filter>
    </ClCompile>
    <ClCompile Include="charamake\charakuriplayerchip.cpp">
      <Filter>MainGame\charamake</Filter>
    </ClCompile>
    <ClCompile Include="charamake\charamake.cpp">
      <Filter>MainGame\charamake</Filter>
    </ClCompile>
    <ClCompile Include="charamake\collitionsquare.cpp">
      <Filter>MainGame\charamake</Filter>
    </ClCompile>
    <ClCompile Include="charamake\colors.cpp">
      <Filter>MainGame\charamake</Filter>
    </ClCompile>
    <ClCompile Include="charamake\doutai.cpp">
      <Filter>MainGame\charamake</Filter>
    </ClCompile>
    <ClCompile Include="charamake\huku.cpp">
      <Filter>MainGame\charamake</Filter>
    </ClCompile>
    <ClCompile Include="charamake\maegami.cpp">
      <Filter>MainGame\charamake</Filter>
    </ClCompile>
    <ClCompile Include="charamake\me.cpp">
      <Filter>MainGame\charamake</Filter>
    </ClCompile>
    <ClCompile Include="charamake\omake.cpp">
      <Filter>MainGame\charamake</Filter>
    </ClCompile>
    <ClCompile Include="charamake\sentaku.cpp">
      <Filter>MainGame\charamake</Filter>
    </ClCompile>
    <ClCompile Include="charamake\sousyoku.cpp">
      <Filter>MainGame\charamake</Filter>
    </ClCompile>
    <ClCompile Include="charamake\tuikahuku.cpp">
      <Filter>MainGame\charamake</Filter>
    </ClCompile>
    <ClCompile Include="charamake\tukegami.cpp">
      <Filter>MainGame\charamake</Filter>
    </ClCompile>
    <ClCompile Include="charamake\usirogami.cpp">
      <Filter>MainGame\charamake</Filter>
    </ClCompile>
    <ClCompile Include="charamake\yokogami.cpp">
      <Filter>MainGame\charamake</Filter>
    </ClCompile>
    <ClCompile Include="mapchip_soce\house.cpp">
      <Filter>MainGame\mapchip</Filter>
    </ClCompile>
    <ClCompile Include="mapchip_soce\mapchip.cpp">
      <Filter>MainGame\mapchip</Filter>
    </ClCompile>
  </ItemGroup>
  <ItemGroup>
    <ClInclude Include="avoidance.h">
      <Filter>miniGames</Filter>
    </ClInclude>
    <ClInclude Include="winmain.h">
      <Filter>WinMainSource</Filter>
    </ClInclude>
    <ClInclude Include="all.h">
      <Filter>WinMainSource</Filter>
    </ClInclude>
    <ClInclude Include="mingame.h">
      <Filter>miniGames</Filter>
    </ClInclude>
    <ClInclude Include="counter_game.h">
      <Filter>miniGames</Filter>
    </ClInclude>
    <ClInclude Include="charamake\charakuriplayerchip.h">
      <Filter>MainGame\charamake</Filter>
    </ClInclude>
    <ClInclude Include="charamake\charamake.h">
      <Filter>MainGame\charamake</Filter>
    </ClInclude>
    <ClInclude Include="charamake\collitionsquare.h">
      <Filter>MainGame\charamake</Filter>
    </ClInclude>
    <ClInclude Include="charamake\colors.h">
      <Filter>MainGame\charamake</Filter>
    </ClInclude>
    <ClInclude Include="charamake\doutai.h">
      <Filter>MainGame\charamake</Filter>
    </ClInclude>
    <ClInclude Include="charamake\huku.h">
      <Filter>MainGame\charamake</Filter>
    </ClInclude>
    <ClInclude Include="charamake\maegami.h">
      <Filter>MainGame\charamake</Filter>
    </ClInclude>
    <ClInclude Include="charamake\me.h">
      <Filter>MainGame\charamake</Filter>
    </ClInclude>
    <ClInclude Include="charamake\omake.h">
      <Filter>MainGame\charamake</Filter>
    </ClInclude>
    <ClInclude Include="charamake\sentaku.h">
      <Filter>MainGame\charamake</Filter>
    </ClInclude>
    <ClInclude Include="charamake\sousyoku.h">
      <Filter>MainGame\charamake</Filter>
    </ClInclude>
    <ClInclude Include="charamake\squarecollition.h">
      <Filter>MainGame\charamake</Filter>
    </ClInclude>
    <ClInclude Include="charamake\tuikahuku.h">
      <Filter>MainGame\charamake</Filter>
    </ClInclude>
    <ClInclude Include="charamake\tukegami.h">
      <Filter>MainGame\charamake</Filter>
    </ClInclude>
    <ClInclude Include="charamake\usirogami.h">
      <Filter>MainGame\charamake</Filter>
    </ClInclude>
    <ClInclude Include="charamake\yokogami.h">
      <Filter>MainGame\charamake</Filter>
    </ClInclude>
    <ClInclude Include="mapchip_soce\house.h">
      <Filter>MainGame\mapchip</Filter>
    </ClInclude>
    <ClInclude Include="mapchip_soce\mapchip.h">
      <Filter>MainGame\mapchip</Filter>
    </ClInclude>
  </ItemGroup>
  <ItemGroup>
    <Filter Include="MainGame">
      <UniqueIdentifier>{4c02dd65-0747-4bc6-892a-0637df48bb6b}</UniqueIdentifier>
    </Filter>
    <Filter Include="miniGames">
      <UniqueIdentifier>{2de18d20-55f2-4b6e-9118-39bbf3666331}</UniqueIdentifier>
    </Filter>
    <Filter Include="WinMainSource">
      <UniqueIdentifier>{4469729d-b99f-4579-83af-99a845dd76b8}</UniqueIdentifier>
    </Filter>
    <Filter Include="MainGame\mapchip">
      <UniqueIdentifier>{1c71356e-6bc1-4781-bbbd-caa2700159fa}</UniqueIdentifier>
    </Filter>
    <Filter Include="MainGame\charamake">
      <UniqueIdentifier>{34f8269d-f24a-439a-bd90-af94250f6135}</UniqueIdentifier>
    </Filter>
  </ItemGroup>
</Project>